// !$*UTF8*$!
{
	archiveVersion = 1;
	classes = {
	};
	objectVersion = 56;
	objects = {

/* Begin PBXBuildFile section */
		400167CA28DB937B0064FF77 /* AppDelegate.swift in Sources */ = {isa = PBXBuildFile; fileRef = 400167C928DB937B0064FF77 /* AppDelegate.swift */; };
		400167CC28DB937B0064FF77 /* SceneDelegate.swift in Sources */ = {isa = PBXBuildFile; fileRef = 400167CB28DB937B0064FF77 /* SceneDelegate.swift */; };
		400167CE28DB937B0064FF77 /* MoviesViewController.swift in Sources */ = {isa = PBXBuildFile; fileRef = 400167CD28DB937B0064FF77 /* MoviesViewController.swift */; };
		400167D128DB937B0064FF77 /* Main.storyboard in Resources */ = {isa = PBXBuildFile; fileRef = 400167CF28DB937B0064FF77 /* Main.storyboard */; };
		400167D328DB937C0064FF77 /* Assets.xcassets in Resources */ = {isa = PBXBuildFile; fileRef = 400167D228DB937C0064FF77 /* Assets.xcassets */; };
		400167D628DB937C0064FF77 /* LaunchScreen.storyboard in Resources */ = {isa = PBXBuildFile; fileRef = 400167D428DB937C0064FF77 /* LaunchScreen.storyboard */; };
		400167DE28DCBC5A0064FF77 /* MovieCell.swift in Sources */ = {isa = PBXBuildFile; fileRef = 400167DD28DCBC5A0064FF77 /* MovieCell.swift */; };
		400167E128DCCE890064FF77 /* AlamofireImage in Frameworks */ = {isa = PBXBuildFile; productRef = 400167E028DCCE890064FF77 /* AlamofireImage */; };
		95F7E8E3FD9B2FF44FBBDC50 /* Pods_Flixted.framework in Frameworks */ = {isa = PBXBuildFile; fileRef = 6C7E3F4968F9A6D3225EA384 /* Pods_Flixted.framework */; };
/* End PBXBuildFile section */

/* Begin PBXFileReference section */
		400167C628DB937B0064FF77 /* Flixted.app */ = {isa = PBXFileReference; explicitFileType = wrapper.application; includeInIndex = 0; path = Flixted.app; sourceTree = BUILT_PRODUCTS_DIR; };
		400167C928DB937B0064FF77 /* AppDelegate.swift */ = {isa = PBXFileReference; lastKnownFileType = sourcecode.swift; path = AppDelegate.swift; sourceTree = "<group>"; };
		400167CB28DB937B0064FF77 /* SceneDelegate.swift */ = {isa = PBXFileReference; lastKnownFileType = sourcecode.swift; path = SceneDelegate.swift; sourceTree = "<group>"; };
		400167CD28DB937B0064FF77 /* MoviesViewController.swift */ = {isa = PBXFileReference; lastKnownFileType = sourcecode.swift; path = MoviesViewController.swift; sourceTree = "<group>"; };
		400167D028DB937B0064FF77 /* Base */ = {isa = PBXFileReference; lastKnownFileType = file.storyboard; name = Base; path = Base.lproj/Main.storyboard; sourceTree = "<group>"; };
		400167D228DB937C0064FF77 /* Assets.xcassets */ = {isa = PBXFileReference; lastKnownFileType = folder.assetcatalog; path = Assets.xcassets; sourceTree = "<group>"; };
		400167D528DB937C0064FF77 /* Base */ = {isa = PBXFileReference; lastKnownFileType = file.storyboard; name = Base; path = Base.lproj/LaunchScreen.storyboard; sourceTree = "<group>"; };
		400167D728DB937C0064FF77 /* Info.plist */ = {isa = PBXFileReference; lastKnownFileType = text.plist.xml; path = Info.plist; sourceTree = "<group>"; };
		400167DD28DCBC5A0064FF77 /* MovieCell.swift */ = {isa = PBXFileReference; lastKnownFileType = sourcecode.swift; path = MovieCell.swift; sourceTree = "<group>"; };
		6C7E3F4968F9A6D3225EA384 /* Pods_Flixted.framework */ = {isa = PBXFileReference; explicitFileType = wrapper.framework; includeInIndex = 0; path = Pods_Flixted.framework; sourceTree = BUILT_PRODUCTS_DIR; };
		B164909AF7FDF66ED3D76F32 /* Pods-Flixted.debug.xcconfig */ = {isa = PBXFileReference; includeInIndex = 1; lastKnownFileType = text.xcconfig; name = "Pods-Flixted.debug.xcconfig"; path = "Target Support Files/Pods-Flixted/Pods-Flixted.debug.xcconfig"; sourceTree = "<group>"; };
		EF175A46153D68AC35FD6307 /* Pods-Flixted.release.xcconfig */ = {isa = PBXFileReference; includeInIndex = 1; lastKnownFileType = text.xcconfig; name = "Pods-Flixted.release.xcconfig"; path = "Target Support Files/Pods-Flixted/Pods-Flixted.release.xcconfig"; sourceTree = "<group>"; };
/* End PBXFileReference section */

/* Begin PBXFrameworksBuildPhase section */
		400167C328DB937B0064FF77 /* Frameworks */ = {
			isa = PBXFrameworksBuildPhase;
			buildActionMask = 2147483647;
			files = (
				400167E128DCCE890064FF77 /* AlamofireImage in Frameworks */,
				95F7E8E3FD9B2FF44FBBDC50 /* Pods_Flixted.framework in Frameworks */,
			);
			runOnlyForDeploymentPostprocessing = 0;
		};
/* End PBXFrameworksBuildPhase section */

/* Begin PBXGroup section */
		400167BD28DB937B0064FF77 = {
			isa = PBXGroup;
			children = (
				400167C828DB937B0064FF77 /* Flixted */,
				400167C728DB937B0064FF77 /* Products */,
				B6EBE8FBE80528A9F6FB651D /* Pods */,
				68603D2DF0871AD845643F5E /* Frameworks */,
			);
			sourceTree = "<group>";
		};
		400167C728DB937B0064FF77 /* Products */ = {
			isa = PBXGroup;
			children = (
				400167C628DB937B0064FF77 /* Flixted.app */,
			);
			name = Products;
			sourceTree = "<group>";
		};
		400167C828DB937B0064FF77 /* Flixted */ = {
			isa = PBXGroup;
			children = (
				400167C928DB937B0064FF77 /* AppDelegate.swift */,
				400167CB28DB937B0064FF77 /* SceneDelegate.swift */,
				400167CD28DB937B0064FF77 /* MoviesViewController.swift */,
				400167DD28DCBC5A0064FF77 /* MovieCell.swift */,
				400167CF28DB937B0064FF77 /* Main.storyboard */,
				400167D428DB937C0064FF77 /* LaunchScreen.storyboard */,
				400167D728DB937C0064FF77 /* Info.plist */,
				400167D228DB937C0064FF77 /* Assets.xcassets */,
			);
			path = Flixted;
			sourceTree = "<group>";
		};
		68603D2DF0871AD845643F5E /* Frameworks */ = {
			isa = PBXGroup;
			children = (
				6C7E3F4968F9A6D3225EA384 /* Pods_Flixted.framework */,
			);
			name = Frameworks;
			sourceTree = "<group>";
		};
		B6EBE8FBE80528A9F6FB651D /* Pods */ = {
			isa = PBXGroup;
			children = (
				B164909AF7FDF66ED3D76F32 /* Pods-Flixted.debug.xcconfig */,
				EF175A46153D68AC35FD6307 /* Pods-Flixted.release.xcconfig */,
			);
			name = Pods;
			path = Pods;
			sourceTree = "<group>";
		};
/* End PBXGroup section */

/* Begin PBXNativeTarget section */
		400167C528DB937B0064FF77 /* Flixted */ = {
			isa = PBXNativeTarget;
			buildConfigurationList = 400167DA28DB937C0064FF77 /* Build configuration list for PBXNativeTarget "Flixted" */;
			buildPhases = (
				EC6D166B2F1F71A9DF3E8AB7 /* [CP] Check Pods Manifest.lock */,
				400167C228DB937B0064FF77 /* Sources */,
				400167C328DB937B0064FF77 /* Frameworks */,
				400167C428DB937B0064FF77 /* Resources */,
				82B8857FF134572BB9948253 /* [CP] Embed Pods Frameworks */,
			);
			buildRules = (
			);
			dependencies = (
			);
			name = Flixted;
			packageProductDependencies = (
				400167E028DCCE890064FF77 /* AlamofireImage */,
			);
			productName = Flixted;
			productReference = 400167C628DB937B0064FF77 /* Flixted.app */;
			productType = "com.apple.product-type.application";
		};
/* End PBXNativeTarget section */

/* Begin PBXProject section */
		400167BE28DB937B0064FF77 /* Project object */ = {
			isa = PBXProject;
			attributes = {
				BuildIndependentTargetsInParallel = 1;
				LastSwiftUpdateCheck = 1400;
				LastUpgradeCheck = 1400;
				TargetAttributes = {
					400167C528DB937B0064FF77 = {
						CreatedOnToolsVersion = 14.0;
					};
				};
			};
			buildConfigurationList = 400167C128DB937B0064FF77 /* Build configuration list for PBXProject "Flixted" */;
			compatibilityVersion = "Xcode 14.0";
			developmentRegion = en;
			hasScannedForEncodings = 0;
			knownRegions = (
				en,
				Base,
			);
			mainGroup = 400167BD28DB937B0064FF77;
			packageReferences = (
				400167DF28DCCE890064FF77 /* XCRemoteSwiftPackageReference "AlamofireImage" */,
			);
			productRefGroup = 400167C728DB937B0064FF77 /* Products */;
			projectDirPath = "";
			projectRoot = "";
			targets = (
				400167C528DB937B0064FF77 /* Flixted */,
			);
		};
/* End PBXProject section */

/* Begin PBXResourcesBuildPhase section */
		400167C428DB937B0064FF77 /* Resources */ = {
			isa = PBXResourcesBuildPhase;
			buildActionMask = 2147483647;
			files = (
				400167D628DB937C0064FF77 /* LaunchScreen.storyboard in Resources */,
				400167D328DB937C0064FF77 /* Assets.xcassets in Resources */,
				400167D128DB937B0064FF77 /* Main.storyboard in Resources */,
			);
			runOnlyForDeploymentPostprocessing = 0;
		};
/* End PBXResourcesBuildPhase section */

/* Begin PBXShellScriptBuildPhase section */
		82B8857FF134572BB9948253 /* [CP] Embed Pods Frameworks */ = {
			isa = PBXShellScriptBuildPhase;
			buildActionMask = 2147483647;
			files = (
			);
			inputFileListPaths = (
				"${PODS_ROOT}/Target Support Files/Pods-Flixted/Pods-Flixted-frameworks-${CONFIGURATION}-input-files.xcfilelist",
			);
			name = "[CP] Embed Pods Frameworks";
			outputFileListPaths = (
				"${PODS_ROOT}/Target Support Files/Pods-Flixted/Pods-Flixted-frameworks-${CONFIGURATION}-output-files.xcfilelist",
			);
			runOnlyForDeploymentPostprocessing = 0;
			shellPath = /bin/sh;
			shellScript = "\"${PODS_ROOT}/Target Support Files/Pods-Flixted/Pods-Flixted-frameworks.sh\"\n";
			showEnvVarsInLog = 0;
		};
		EC6D166B2F1F71A9DF3E8AB7 /* [CP] Check Pods Manifest.lock */ = {
			isa = PBXShellScriptBuildPhase;
			buildActionMask = 2147483647;
			files = (
			);
			inputFileListPaths = (
			);
			inputPaths = (
				"${PODS_PODFILE_DIR_PATH}/Podfile.lock",
				"${PODS_ROOT}/Manifest.lock",
			);
			name = "[CP] Check Pods Manifest.lock";
			outputFileListPaths = (
			);
			outputPaths = (
				"$(DERIVED_FILE_DIR)/Pods-Flixted-checkManifestLockResult.txt",
			);
			runOnlyForDeploymentPostprocessing = 0;
			shellPath = /bin/sh;
			shellScript = "diff \"${PODS_PODFILE_DIR_PATH}/Podfile.lock\" \"${PODS_ROOT}/Manifest.lock\" > /dev/null\nif [ $? != 0 ] ; then\n    # print error to STDERR\n    echo \"error: The sandbox is not in sync with the Podfile.lock. Run 'pod install' or update your CocoaPods installation.\" >&2\n    exit 1\nfi\n# This output is used by Xcode 'outputs' to avoid re-running this script phase.\necho \"SUCCESS\" > \"${SCRIPT_OUTPUT_FILE_0}\"\n";
			showEnvVarsInLog = 0;
		};
/* End PBXShellScriptBuildPhase section */

/* Begin PBXSourcesBuildPhase section */
		400167C228DB937B0064FF77 /* Sources */ = {
			isa = PBXSourcesBuildPhase;
			buildActionMask = 2147483647;
			files = (
				400167CE28DB937B0064FF77 /* MoviesViewController.swift in Sources */,
				400167CA28DB937B0064FF77 /* AppDelegate.swift in Sources */,
				400167DE28DCBC5A0064FF77 /* MovieCell.swift in Sources */,
				400167CC28DB937B0064FF77 /* SceneDelegate.swift in Sources */,
			);
			runOnlyForDeploymentPostprocessing = 0;
		};
/* End PBXSourcesBuildPhase section */

/* Begin PBXVariantGroup section */
		400167CF28DB937B0064FF77 /* Main.storyboard */ = {
			isa = PBXVariantGroup;
			children = (
				400167D028DB937B0064FF77 /* Base */,
			);
			name = Main.storyboard;
			sourceTree = "<group>";
		};
		400167D428DB937C0064FF77 /* LaunchScreen.storyboard */ = {
			isa = PBXVariantGroup;
			children = (
				400167D528DB937C0064FF77 /* Base */,
			);
			name = LaunchScreen.storyboard;
			sourceTree = "<group>";
		};
/* End PBXVariantGroup section */

/* Begin XCBuildConfiguration section */
		400167D828DB937C0064FF77 /* Debug */ = {
			isa = XCBuildConfiguration;
			buildSettings = {
				ALWAYS_SEARCH_USER_PATHS = NO;
				CLANG_ANALYZER_NONNULL = YES;
				CLANG_ANALYZER_NUMBER_OBJECT_CONVERSION = YES_AGGRESSIVE;
				CLANG_CXX_LANGUAGE_STANDARD = "gnu++20";
				CLANG_ENABLE_MODULES = YES;
				CLANG_ENABLE_OBJC_ARC = YES;
				CLANG_ENABLE_OBJC_WEAK = YES;
				CLANG_WARN_BLOCK_CAPTURE_AUTORELEASING = YES;
				CLANG_WARN_BOOL_CONVERSION = YES;
				CLANG_WARN_COMMA = YES;
				CLANG_WARN_CONSTANT_CONVERSION = YES;
				CLANG_WARN_DEPRECATED_OBJC_IMPLEMENTATIONS = YES;
				CLANG_WARN_DIRECT_OBJC_ISA_USAGE = YES_ERROR;
				CLANG_WARN_DOCUMENTATION_COMMENTS = YES;
				CLANG_WARN_EMPTY_BODY = YES;
				CLANG_WARN_ENUM_CONVERSION = YES;
				CLANG_WARN_INFINITE_RECURSION = YES;
				CLANG_WARN_INT_CONVERSION = YES;
				CLANG_WARN_NON_LITERAL_NULL_CONVERSION = YES;
				CLANG_WARN_OBJC_IMPLICIT_RETAIN_SELF = YES;
				CLANG_WARN_OBJC_LITERAL_CONVERSION = YES;
				CLANG_WARN_OBJC_ROOT_CLASS = YES_ERROR;
				CLANG_WARN_QUOTED_INCLUDE_IN_FRAMEWORK_HEADER = YES;
				CLANG_WARN_RANGE_LOOP_ANALYSIS = YES;
				CLANG_WARN_STRICT_PROTOTYPES = YES;
				CLANG_WARN_SUSPICIOUS_MOVE = YES;
				CLANG_WARN_UNGUARDED_AVAILABILITY = YES_AGGRESSIVE;
				CLANG_WARN_UNREACHABLE_CODE = YES;
				CLANG_WARN__DUPLICATE_METHOD_MATCH = YES;
				COPY_PHASE_STRIP = NO;
				DEBUG_INFORMATION_FORMAT = dwarf;
				ENABLE_STRICT_OBJC_MSGSEND = YES;
				ENABLE_TESTABILITY = YES;
				GCC_C_LANGUAGE_STANDARD = gnu11;
				GCC_DYNAMIC_NO_PIC = NO;
				GCC_NO_COMMON_BLOCKS = YES;
				GCC_OPTIMIZATION_LEVEL = 0;
				GCC_PREPROCESSOR_DEFINITIONS = (
					"DEBUG=1",
					"$(inherited)",
				);
				GCC_WARN_64_TO_32_BIT_CONVERSION = YES;
				GCC_WARN_ABOUT_RETURN_TYPE = YES_ERROR;
				GCC_WARN_UNDECLARED_SELECTOR = YES;
				GCC_WARN_UNINITIALIZED_AUTOS = YES_AGGRESSIVE;
				GCC_WARN_UNUSED_FUNCTION = YES;
				GCC_WARN_UNUSED_VARIABLE = YES;
				IPHONEOS_DEPLOYMENT_TARGET = 16.0;
				MTL_ENABLE_DEBUG_INFO = INCLUDE_SOURCE;
				MTL_FAST_MATH = YES;
				ONLY_ACTIVE_ARCH = YES;
				SDKROOT = iphoneos;
				SWIFT_ACTIVE_COMPILATION_CONDITIONS = DEBUG;
				SWIFT_OPTIMIZATION_LEVEL = "-Onone";
			};
			name = Debug;
		};
		400167D928DB937C0064FF77 /* Release */ = {
			isa = XCBuildConfiguration;
			buildSettings = {
				ALWAYS_SEARCH_USER_PATHS = NO;
				CLANG_ANALYZER_NONNULL = YES;
				CLANG_ANALYZER_NUMBER_OBJECT_CONVERSION = YES_AGGRESSIVE;
				CLANG_CXX_LANGUAGE_STANDARD = "gnu++20";
				CLANG_ENABLE_MODULES = YES;
				CLANG_ENABLE_OBJC_ARC = YES;
				CLANG_ENABLE_OBJC_WEAK = YES;
				CLANG_WARN_BLOCK_CAPTURE_AUTORELEASING = YES;
				CLANG_WARN_BOOL_CONVERSION = YES;
				CLANG_WARN_COMMA = YES;
				CLANG_WARN_CONSTANT_CONVERSION = YES;
				CLANG_WARN_DEPRECATED_OBJC_IMPLEMENTATIONS = YES;
				CLANG_WARN_DIRECT_OBJC_ISA_USAGE = YES_ERROR;
				CLANG_WARN_DOCUMENTATION_COMMENTS = YES;
				CLANG_WARN_EMPTY_BODY = YES;
				CLANG_WARN_ENUM_CONVERSION = YES;
				CLANG_WARN_INFINITE_RECURSION = YES;
				CLANG_WARN_INT_CONVERSION = YES;
				CLANG_WARN_NON_LITERAL_NULL_CONVERSION = YES;
				CLANG_WARN_OBJC_IMPLICIT_RETAIN_SELF = YES;
				CLANG_WARN_OBJC_LITERAL_CONVERSION = YES;
				CLANG_WARN_OBJC_ROOT_CLASS = YES_ERROR;
				CLANG_WARN_QUOTED_INCLUDE_IN_FRAMEWORK_HEADER = YES;
				CLANG_WARN_RANGE_LOOP_ANALYSIS = YES;
				CLANG_WARN_STRICT_PROTOTYPES = YES;
				CLANG_WARN_SUSPICIOUS_MOVE = YES;
				CLANG_WARN_UNGUARDED_AVAILABILITY = YES_AGGRESSIVE;
				CLANG_WARN_UNREACHABLE_CODE = YES;
				CLANG_WARN__DUPLICATE_METHOD_MATCH = YES;
				COPY_PHASE_STRIP = NO;
				DEBUG_INFORMATION_FORMAT = "dwarf-with-dsym";
				ENABLE_NS_ASSERTIONS = NO;
				ENABLE_STRICT_OBJC_MSGSEND = YES;
				GCC_C_LANGUAGE_STANDARD = gnu11;
				GCC_NO_COMMON_BLOCKS = YES;
				GCC_WARN_64_TO_32_BIT_CONVERSION = YES;
				GCC_WARN_ABOUT_RETURN_TYPE = YES_ERROR;
				GCC_WARN_UNDECLARED_SELECTOR = YES;
				GCC_WARN_UNINITIALIZED_AUTOS = YES_AGGRESSIVE;
				GCC_WARN_UNUSED_FUNCTION = YES;
				GCC_WARN_UNUSED_VARIABLE = YES;
				IPHONEOS_DEPLOYMENT_TARGET = 16.0;
				MTL_ENABLE_DEBUG_INFO = NO;
				MTL_FAST_MATH = YES;
				SDKROOT = iphoneos;
				SWIFT_COMPILATION_MODE = wholemodule;
				SWIFT_OPTIMIZATION_LEVEL = "-O";
				VALIDATE_PRODUCT = YES;
			};
			name = Release;
		};
		400167DB28DB937C0064FF77 /* Debug */ = {
			isa = XCBuildConfiguration;
			baseConfigurationReference = B164909AF7FDF66ED3D76F32 /* Pods-Flixted.debug.xcconfig */;
			buildSettings = {
				ASSETCATALOG_COMPILER_APPICON_NAME = AppIcon;
				ASSETCATALOG_COMPILER_GLOBAL_ACCENT_COLOR_NAME = AccentColor;
				CODE_SIGN_STYLE = Automatic;
				CURRENT_PROJECT_VERSION = 1;
				DEVELOPMENT_TEAM = 6LCU5UZJ8A;
				GENERATE_INFOPLIST_FILE = YES;
				INFOPLIST_FILE = Flixted/Info.plist;
				INFOPLIST_KEY_UIApplicationSupportsIndirectInputEvents = YES;
				INFOPLIST_KEY_UILaunchStoryboardName = LaunchScreen;
				INFOPLIST_KEY_UIMainStoryboardFile = Main;
				INFOPLIST_KEY_UISupportedInterfaceOrientations_iPad = "UIInterfaceOrientationPortrait UIInterfaceOrientationPortraitUpsideDown UIInterfaceOrientationLandscapeLeft UIInterfaceOrientationLandscapeRight";
				INFOPLIST_KEY_UISupportedInterfaceOrientations_iPhone = "UIInterfaceOrientationPortrait UIInterfaceOrientationLandscapeLeft UIInterfaceOrientationLandscapeRight";
				LD_RUNPATH_SEARCH_PATHS = (
					"$(inherited)",
					"@executable_path/Frameworks",
				);
				MARKETING_VERSION = 1.0;
				PRODUCT_BUNDLE_IDENTIFIER = com.MarioOlivares.Flixted;
				PRODUCT_NAME = "$(TARGET_NAME)";
				SWIFT_EMIT_LOC_STRINGS = YES;
				SWIFT_VERSION = 5.0;
				TARGETED_DEVICE_FAMILY = "1,2";
			};
			name = Debug;
		};
		400167DC28DB937C0064FF77 /* Release */ = {
			isa = XCBuildConfiguration;
			baseConfigurationReference = EF175A46153D68AC35FD6307 /* Pods-Flixted.release.xcconfig */;
			buildSettings = {
				ASSETCATALOG_COMPILER_APPICON_NAME = AppIcon;
				ASSETCATALOG_COMPILER_GLOBAL_ACCENT_COLOR_NAME = AccentColor;
				CODE_SIGN_STYLE = Automatic;
				CURRENT_PROJECT_VERSION = 1;
				DEVELOPMENT_TEAM = 6LCU5UZJ8A;
				GENERATE_INFOPLIST_FILE = YES;
				INFOPLIST_FILE = Flixted/Info.plist;
				INFOPLIST_KEY_UIApplicationSupportsIndirectInputEvents = YES;
				INFOPLIST_KEY_UILaunchStoryboardName = LaunchScreen;
				INFOPLIST_KEY_UIMainStoryboardFile = Main;
				INFOPLIST_KEY_UISupportedInterfaceOrientations_iPad = "UIInterfaceOrientationPortrait UIInterfaceOrientationPortraitUpsideDown UIInterfaceOrientationLandscapeLeft UIInterfaceOrientationLandscapeRight";
				INFOPLIST_KEY_UISupportedInterfaceOrientations_iPhone = "UIInterfaceOrientationPortrait UIInterfaceOrientationLandscapeLeft UIInterfaceOrientationLandscapeRight";
				LD_RUNPATH_SEARCH_PATHS = (
					"$(inherited)",
					"@executable_path/Frameworks",
				);
				MARKETING_VERSION = 1.0;
				PRODUCT_BUNDLE_IDENTIFIER = com.MarioOlivares.Flixted;
				PRODUCT_NAME = "$(TARGET_NAME)";
				SWIFT_EMIT_LOC_STRINGS = YES;
				SWIFT_VERSION = 5.0;
				TARGETED_DEVICE_FAMILY = "1,2";
			};
			name = Release;
		};
/* End XCBuildConfiguration section */

/* Begin XCConfigurationList section */
		400167C128DB937B0064FF77 /* Build configuration list for PBXProject "Flixted" */ = {
			isa = XCConfigurationList;
			buildConfigurations = (
				400167D828DB937C0064FF77 /* Debug */,
				400167D928DB937C0064FF77 /* Release */,
			);
			defaultConfigurationIsVisible = 0;
			defaultConfigurationName = Release;
		};
		400167DA28DB937C0064FF77 /* Build configuration list for PBXNativeTarget "Flixted" */ = {
			isa = XCConfigurationList;
			buildConfigurations = (
				400167DB28DB937C0064FF77 /* Debug */,
				400167DC28DB937C0064FF77 /* Release */,
			);
			defaultConfigurationIsVisible = 0;
			defaultConfigurationName = Release;
		};
/* End XCConfigurationList section */

/* Begin XCRemoteSwiftPackageReference section */
		400167DF28DCCE890064FF77 /* XCRemoteSwiftPackageReference "AlamofireImage" */ = {
			isa = XCRemoteSwiftPackageReference;
			repositoryURL = "https://github.com/Alamofire/AlamofireImage";
			requirement = {
				branch = master;
				kind = branch;
			};
		};
/* End XCRemoteSwiftPackageReference section */

/* Begin XCSwiftPackageProductDependency section */
		400167E028DCCE890064FF77 /* AlamofireImage */ = {
			isa = XCSwiftPackageProductDependency;
			package = 400167DF28DCCE890064FF77 /* XCRemoteSwiftPackageReference "AlamofireImage" */;
			productName = AlamofireImage;
		};
/* End XCSwiftPackageProductDependency section */
	};
	rootObject = 400167BE28DB937B0064FF77 /* Project object */;
}
